
Microsoft Visual Studio Solution File, Format Version 12.00
# Visual Studio Version 16
VisualStudioVersion = 16.0.33328.57
MinimumVisualStudioVersion = 10.0.40219.1
Project("{E24C65DC-7377-472B-9ABA-BC803B73C61A}") = "0304HW", ".", "{034517F2-F673-4689-BE2D-CAB247894BB9}"
	ProjectSection(WebsiteProperties) = preProject
		TargetFrameworkMoniker = ".NETFramework,Version%3Dv4.7.2"
		Debug.AspNetCompiler.VirtualPath = "/localhost_58012"
		Debug.AspNetCompiler.PhysicalPath = "..\0304HW\"
		Debug.AspNetCompiler.TargetPath = "PrecompiledWeb\localhost_58012\"
		Debug.AspNetCompiler.Updateable = "true"
		Debug.AspNetCompiler.ForceOverwrite = "true"
		Debug.AspNetCompiler.FixedNames = "false"
		Debug.AspNetCompiler.Debug = "True"
		Release.AspNetCompiler.VirtualPath = "/localhost_58012"
		Release.AspNetCompiler.PhysicalPath = "..\0304HW\"
		Release.AspNetCompiler.TargetPath = "PrecompiledWeb\localhost_58012\"
		Release.AspNetCompiler.Updateable = "true"
		Release.AspNetCompiler.ForceOverwrite = "true"
		Release.AspNetCompiler.FixedNames = "false"
		Release.AspNetCompiler.Debug = "False"
		VWDPort = "58012"
		SlnRelativePath = "..\0304HW\"
		DefaultWebSiteLanguage = "Visual C#"
	EndProjectSection
EndProject
Global
	GlobalSection(SolutionConfigurationPlatforms) = preSolution
		Debug|Any CPU = Debug|Any CPU
	EndGlobalSection
	GlobalSection(ProjectConfigurationPlatforms) = postSolution
		{034517F2-F673-4689-BE2D-CAB247894BB9}.Debug|Any CPU.ActiveCfg = Debug|Any CPU
		{034517F2-F673-4689-BE2D-CAB247894BB9}.Debug|Any CPU.Build.0 = Debug|Any CPU
	EndGlobalSection
	GlobalSection(SolutionProperties) = preSolution
		HideSolutionNode = FALSE
	EndGlobalSection
	GlobalSection(ExtensibilityGlobals) = postSolution
		SolutionGuid = {3B0BFE13-4A6B-4830-9A59-AE26C0F03B42}
	EndGlobalSection
EndGlobal
